// !$*UTF8*$!
{
	archiveVersion = 1;
	classes = {
	};
	objectVersion = 50;
	objects = {

/* Begin PBXBuildFile section */
		1737ECC123CBC3F1002E0FBA /* cup.usdz in Resources */ = {isa = PBXBuildFile; fileRef = 1737ECC023CBC3F1002E0FBA /* cup.usdz */; };
		1737ECC423CBC3FB002E0FBA /* VirtualPlane.swift in Sources */ = {isa = PBXBuildFile; fileRef = 1737ECC223CBC3FB002E0FBA /* VirtualPlane.swift */; };
		1737ECC523CBC3FB002E0FBA /* ARSessionState.swift in Sources */ = {isa = PBXBuildFile; fileRef = 1737ECC323CBC3FB002E0FBA /* ARSessionState.swift */; };
		1737ECC723CBC404002E0FBA /* Main.storyboard in Resources */ = {isa = PBXBuildFile; fileRef = 1737ECC623CBC404002E0FBA /* Main.storyboard */; };
		1737ECC923CBC40E002E0FBA /* ViewController.swift in Sources */ = {isa = PBXBuildFile; fileRef = 1737ECC823CBC40D002E0FBA /* ViewController.swift */; };
		1737ECCE23CD66B9002E0FBA /* robot.usdz in Resources */ = {isa = PBXBuildFile; fileRef = 1737ECCD23CD66B9002E0FBA /* robot.usdz */; };
		1779E90823CBB6B800167170 /* AppDelegate.swift in Sources */ = {isa = PBXBuildFile; fileRef = 1779E90723CBB6B800167170 /* AppDelegate.swift */; };
		1779E90A23CBB6B800167170 /* SceneDelegate.swift in Sources */ = {isa = PBXBuildFile; fileRef = 1779E90923CBB6B800167170 /* SceneDelegate.swift */; };
		1779E91123CBB6B900167170 /* Assets.xcassets in Resources */ = {isa = PBXBuildFile; fileRef = 1779E91023CBB6B900167170 /* Assets.xcassets */; };
		1779E91423CBB6B900167170 /* LaunchScreen.storyboard in Resources */ = {isa = PBXBuildFile; fileRef = 1779E91223CBB6B900167170 /* LaunchScreen.storyboard */; };
		1779E92623CBB87400167170 /* wheelbarrow.usdz in Resources */ = {isa = PBXBuildFile; fileRef = 1779E92423CBB87400167170 /* wheelbarrow.usdz */; };
		1779E92723CBB87400167170 /* teapot.usdz in Resources */ = {isa = PBXBuildFile; fileRef = 1779E92523CBB87400167170 /* teapot.usdz */; };
/* End PBXBuildFile section */

/* Begin PBXFileReference section */
		1737ECC023CBC3F1002E0FBA /* cup.usdz */ = {isa = PBXFileReference; lastKnownFileType = file.usdz; path = cup.usdz; sourceTree = "<group>"; };
		1737ECC223CBC3FB002E0FBA /* VirtualPlane.swift */ = {isa = PBXFileReference; fileEncoding = 4; lastKnownFileType = sourcecode.swift; path = VirtualPlane.swift; sourceTree = "<group>"; };
		1737ECC323CBC3FB002E0FBA /* ARSessionState.swift */ = {isa = PBXFileReference; fileEncoding = 4; lastKnownFileType = sourcecode.swift; path = ARSessionState.swift; sourceTree = "<group>"; };
		1737ECC623CBC404002E0FBA /* Main.storyboard */ = {isa = PBXFileReference; fileEncoding = 4; lastKnownFileType = file.storyboard; path = Main.storyboard; sourceTree = "<group>"; };
		1737ECC823CBC40D002E0FBA /* ViewController.swift */ = {isa = PBXFileReference; fileEncoding = 4; lastKnownFileType = sourcecode.swift; path = ViewController.swift; sourceTree = "<group>"; };
		1737ECCD23CD66B9002E0FBA /* robot.usdz */ = {isa = PBXFileReference; lastKnownFileType = file.usdz; path = robot.usdz; sourceTree = "<group>"; };
		1779E90423CBB6B800167170 /* ARKit Spring2020 Starter.app */ = {isa = PBXFileReference; explicitFileType = wrapper.application; includeInIndex = 0; path = "ARKit Spring2020 Starter.app"; sourceTree = BUILT_PRODUCTS_DIR; };
		1779E90723CBB6B800167170 /* AppDelegate.swift */ = {isa = PBXFileReference; lastKnownFileType = sourcecode.swift; path = AppDelegate.swift; sourceTree = "<group>"; };
		1779E90923CBB6B800167170 /* SceneDelegate.swift */ = {isa = PBXFileReference; lastKnownFileType = sourcecode.swift; path = SceneDelegate.swift; sourceTree = "<group>"; };
		1779E91023CBB6B900167170 /* Assets.xcassets */ = {isa = PBXFileReference; lastKnownFileType = folder.assetcatalog; path = Assets.xcassets; sourceTree = "<group>"; };
		1779E91323CBB6B900167170 /* Base */ = {isa = PBXFileReference; lastKnownFileType = file.storyboard; name = Base; path = Base.lproj/LaunchScreen.storyboard; sourceTree = "<group>"; };
		1779E91523CBB6B900167170 /* Info.plist */ = {isa = PBXFileReference; lastKnownFileType = text.plist.xml; path = Info.plist; sourceTree = "<group>"; };
		1779E92423CBB87400167170 /* wheelbarrow.usdz */ = {isa = PBXFileReference; lastKnownFileType = file.usdz; path = wheelbarrow.usdz; sourceTree = "<group>"; };
		1779E92523CBB87400167170 /* teapot.usdz */ = {isa = PBXFileReference; lastKnownFileType = file.usdz; path = teapot.usdz; sourceTree = "<group>"; };
/* End PBXFileReference section */

/* Begin PBXFrameworksBuildPhase section */
		1779E90123CBB6B800167170 /* Frameworks */ = {
			isa = PBXFrameworksBuildPhase;
			buildActionMask = 2147483647;
			files = (
			);
			runOnlyForDeploymentPostprocessing = 0;
		};
/* End PBXFrameworksBuildPhase section */

/* Begin PBXGroup section */
		1737ECCA23CBC440002E0FBA /* Model */ = {
			isa = PBXGroup;
			children = (
				1737ECC323CBC3FB002E0FBA /* ARSessionState.swift */,
				1737ECC223CBC3FB002E0FBA /* VirtualPlane.swift */,
			);
			path = Model;
			sourceTree = "<group>";
		};
		1779E8FB23CBB6B800167170 = {
			isa = PBXGroup;
			children = (
				1779E90623CBB6B800167170 /* ARKit Spring2020 Starter */,
				1779E90523CBB6B800167170 /* Products */,
			);
			sourceTree = "<group>";
		};
		1779E90523CBB6B800167170 /* Products */ = {
			isa = PBXGroup;
			children = (
				1779E90423CBB6B800167170 /* ARKit Spring2020 Starter.app */,
			);
			name = Products;
			sourceTree = "<group>";
		};
		1779E90623CBB6B800167170 /* ARKit Spring2020 Starter */ = {
			isa = PBXGroup;
			children = (
				1737ECCA23CBC440002E0FBA /* Model */,
				1779E90723CBB6B800167170 /* AppDelegate.swift */,
				1779E90923CBB6B800167170 /* SceneDelegate.swift */,
				1737ECC823CBC40D002E0FBA /* ViewController.swift */,
				1779E91023CBB6B900167170 /* Assets.xcassets */,
				1779E92323CBB87400167170 /* usdz */,
				1737ECC623CBC404002E0FBA /* Main.storyboard */,
				1779E91223CBB6B900167170 /* LaunchScreen.storyboard */,
				1779E91523CBB6B900167170 /* Info.plist */,
			);
			path = "ARKit Spring2020 Starter";
			sourceTree = "<group>";
		};
		1779E92323CBB87400167170 /* usdz */ = {
			isa = PBXGroup;
			children = (
				1737ECC023CBC3F1002E0FBA /* cup.usdz */,
				1779E92423CBB87400167170 /* wheelbarrow.usdz */,
				1779E92523CBB87400167170 /* teapot.usdz */,
				1737ECCD23CD66B9002E0FBA /* robot.usdz */,
			);
			path = usdz;
			sourceTree = "<group>";
		};
/* End PBXGroup section */

/* Begin PBXNativeTarget section */
		1779E90323CBB6B800167170 /* ARKit Spring2020 Starter */ = {
			isa = PBXNativeTarget;
			buildConfigurationList = 1779E91823CBB6B900167170 /* Build configuration list for PBXNativeTarget "ARKit Spring2020 Starter" */;
			buildPhases = (
				1779E90023CBB6B800167170 /* Sources */,
				1779E90123CBB6B800167170 /* Frameworks */,
				1779E90223CBB6B800167170 /* Resources */,
			);
			buildRules = (
			);
			dependencies = (
			);
			name = "ARKit Spring2020 Starter";
			productName = "ARKit Spring2020 Final";
			productReference = 1779E90423CBB6B800167170 /* ARKit Spring2020 Starter.app */;
			productType = "com.apple.product-type.application";
		};
/* End PBXNativeTarget section */

/* Begin PBXProject section */
		1779E8FC23CBB6B800167170 /* Project object */ = {
			isa = PBXProject;
			attributes = {
				LastSwiftUpdateCheck = 1130;
				LastUpgradeCheck = 1130;
				ORGANIZATIONNAME = "Phil Zet";
				TargetAttributes = {
					1779E90323CBB6B800167170 = {
						CreatedOnToolsVersion = 11.3;
					};
				};
			};
			buildConfigurationList = 1779E8FF23CBB6B800167170 /* Build configuration list for PBXProject "ARKit Spring2020 Starter" */;
			compatibilityVersion = "Xcode 9.3";
			developmentRegion = en;
			hasScannedForEncodings = 0;
			knownRegions = (
				en,
				Base,
			);
			mainGroup = 1779E8FB23CBB6B800167170;
			productRefGroup = 1779E90523CBB6B800167170 /* Products */;
			projectDirPath = "";
			projectRoot = "";
			targets = (
				1779E90323CBB6B800167170 /* ARKit Spring2020 Starter */,
			);
		};
/* End PBXProject section */

/* Begin PBXResourcesBuildPhase section */
		1779E90223CBB6B800167170 /* Resources */ = {
			isa = PBXResourcesBuildPhase;
			buildActionMask = 2147483647;
			files = (
				1779E91423CBB6B900167170 /* LaunchScreen.storyboard in Resources */,
				1737ECCE23CD66B9002E0FBA /* robot.usdz in Resources */,
				1779E91123CBB6B900167170 /* Assets.xcassets in Resources */,
				1779E92623CBB87400167170 /* wheelbarrow.usdz in Resources */,
				1737ECC723CBC404002E0FBA /* Main.storyboard in Resources */,
				1779E92723CBB87400167170 /* teapot.usdz in Resources */,
				1737ECC123CBC3F1002E0FBA /* cup.usdz in Resources */,
			);
			runOnlyForDeploymentPostprocessing = 0;
		};
/* End PBXResourcesBuildPhase section */

/* Begin PBXSourcesBuildPhase section */
		1779E90023CBB6B800167170 /* Sources */ = {
			isa = PBXSourcesBuildPhase;
			buildActionMask = 2147483647;
			files = (
				1737ECC923CBC40E002E0FBA /* ViewController.swift in Sources */,
				1779E90823CBB6B800167170 /* AppDelegate.swift in Sources */,
				1737ECC523CBC3FB002E0FBA /* ARSessionState.swift in Sources */,
				1779E90A23CBB6B800167170 /* SceneDelegate.swift in Sources */,
				1737ECC423CBC3FB002E0FBA /* VirtualPlane.swift in Sources */,
			);
			runOnlyForDeploymentPostprocessing = 0;
		};
/* End PBXSourcesBuildPhase section */

/* Begin PBXVariantGroup section */
		1779E91223CBB6B900167170 /* LaunchScreen.storyboard */ = {
			isa = PBXVariantGroup;
			children = (
				1779E91323CBB6B900167170 /* Base */,
			);
			name = LaunchScreen.storyboard;
			sourceTree = "<group>";
		};
/* End PBXVariantGroup section */

/* Begin XCBuildConfiguration section */
		1779E91623CBB6B900167170 /* Debug */ = {
			isa = XCBuildConfiguration;
			buildSettings = {
				ALWAYS_SEARCH_USER_PATHS = NO;
				CLANG_ANALYZER_NONNULL = YES;
				CLANG_ANALYZER_NUMBER_OBJECT_CONVERSION = YES_AGGRESSIVE;
				CLANG_CXX_LANGUAGE_STANDARD = "gnu++14";
				CLANG_CXX_LIBRARY = "libc++";
				CLANG_ENABLE_MODULES = YES;
				CLANG_ENABLE_OBJC_ARC = YES;
				CLANG_ENABLE_OBJC_WEAK = YES;
				CLANG_WARN_BLOCK_CAPTURE_AUTORELEASING = YES;
				CLANG_WARN_BOOL_CONVERSION = YES;
				CLANG_WARN_COMMA = YES;
				CLANG_WARN_CONSTANT_CONVERSION = YES;
				CLANG_WARN_DEPRECATED_OBJC_IMPLEMENTATIONS = YES;
				CLANG_WARN_DIRECT_OBJC_ISA_USAGE = YES_ERROR;
				CLANG_WARN_DOCUMENTATION_COMMENTS = YES;
				CLANG_WARN_EMPTY_BODY = YES;
				CLANG_WARN_ENUM_CONVERSION = YES;
				CLANG_WARN_INFINITE_RECURSION = YES;
				CLANG_WARN_INT_CONVERSION = YES;
				CLANG_WARN_NON_LITERAL_NULL_CONVERSION = YES;
				CLANG_WARN_OBJC_IMPLICIT_RETAIN_SELF = YES;
				CLANG_WARN_OBJC_LITERAL_CONVERSION = YES;
				CLANG_WARN_OBJC_ROOT_CLASS = YES_ERROR;
				CLANG_WARN_RANGE_LOOP_ANALYSIS = YES;
				CLANG_WARN_STRICT_PROTOTYPES = YES;
				CLANG_WARN_SUSPICIOUS_MOVE = YES;
				CLANG_WARN_UNGUARDED_AVAILABILITY = YES_AGGRESSIVE;
				CLANG_WARN_UNREACHABLE_CODE = YES;
				CLANG_WARN__DUPLICATE_METHOD_MATCH = YES;
				COPY_PHASE_STRIP = NO;
				DEBUG_INFORMATION_FORMAT = dwarf;
				ENABLE_STRICT_OBJC_MSGSEND = YES;
				ENABLE_TESTABILITY = YES;
				GCC_C_LANGUAGE_STANDARD = gnu11;
				GCC_DYNAMIC_NO_PIC = NO;
				GCC_NO_COMMON_BLOCKS = YES;
				GCC_OPTIMIZATION_LEVEL = 0;
				GCC_PREPROCESSOR_DEFINITIONS = (
					"DEBUG=1",
					"$(inherited)",
				);
				GCC_WARN_64_TO_32_BIT_CONVERSION = YES;
				GCC_WARN_ABOUT_RETURN_TYPE = YES_ERROR;
				GCC_WARN_UNDECLARED_SELECTOR = YES;
				GCC_WARN_UNINITIALIZED_AUTOS = YES_AGGRESSIVE;
				GCC_WARN_UNUSED_FUNCTION = YES;
				GCC_WARN_UNUSED_VARIABLE = YES;
				IPHONEOS_DEPLOYMENT_TARGET = 13.2;
				MTL_ENABLE_DEBUG_INFO = INCLUDE_SOURCE;
				MTL_FAST_MATH = YES;
				ONLY_ACTIVE_ARCH = YES;
				SDKROOT = iphoneos;
				SWIFT_ACTIVE_COMPILATION_CONDITIONS = DEBUG;
				SWIFT_OPTIMIZATION_LEVEL = "-Onone";
			};
			name = Debug;
		};
		1779E91723CBB6B900167170 /* Release */ = {
			isa = XCBuildConfiguration;
			buildSettings = {
				ALWAYS_SEARCH_USER_PATHS = NO;
				CLANG_ANALYZER_NONNULL = YES;
				CLANG_ANALYZER_NUMBER_OBJECT_CONVERSION = YES_AGGRESSIVE;
				CLANG_CXX_LANGUAGE_STANDARD = "gnu++14";
				CLANG_CXX_LIBRARY = "libc++";
				CLANG_ENABLE_MODULES = YES;
				CLANG_ENABLE_OBJC_ARC = YES;
				CLANG_ENABLE_OBJC_WEAK = YES;
				CLANG_WARN_BLOCK_CAPTURE_AUTORELEASING = YES;
				CLANG_WARN_BOOL_CONVERSION = YES;
				CLANG_WARN_COMMA = YES;
				CLANG_WARN_CONSTANT_CONVERSION = YES;
				CLANG_WARN_DEPRECATED_OBJC_IMPLEMENTATIONS = YES;
				CLANG_WARN_DIRECT_OBJC_ISA_USAGE = YES_ERROR;
				CLANG_WARN_DOCUMENTATION_COMMENTS = YES;
				CLANG_WARN_EMPTY_BODY = YES;
				CLANG_WARN_ENUM_CONVERSION = YES;
				CLANG_WARN_INFINITE_RECURSION = YES;
				CLANG_WARN_INT_CONVERSION = YES;
				CLANG_WARN_NON_LITERAL_NULL_CONVERSION = YES;
				CLANG_WARN_OBJC_IMPLICIT_RETAIN_SELF = YES;
				CLANG_WARN_OBJC_LITERAL_CONVERSION = YES;
				CLANG_WARN_OBJC_ROOT_CLASS = YES_ERROR;
				CLANG_WARN_RANGE_LOOP_ANALYSIS = YES;
				CLANG_WARN_STRICT_PROTOTYPES = YES;
				CLANG_WARN_SUSPICIOUS_MOVE = YES;
				CLANG_WARN_UNGUARDED_AVAILABILITY = YES_AGGRESSIVE;
				CLANG_WARN_UNREACHABLE_CODE = YES;
				CLANG_WARN__DUPLICATE_METHOD_MATCH = YES;
				COPY_PHASE_STRIP = NO;
				DEBUG_INFORMATION_FORMAT = "dwarf-with-dsym";
				ENABLE_NS_ASSERTIONS = NO;
				ENABLE_STRICT_OBJC_MSGSEND = YES;
				GCC_C_LANGUAGE_STANDARD = gnu11;
				GCC_NO_COMMON_BLOCKS = YES;
				GCC_WARN_64_TO_32_BIT_CONVERSION = YES;
				GCC_WARN_ABOUT_RETURN_TYPE = YES_ERROR;
				GCC_WARN_UNDECLARED_SELECTOR = YES;
				GCC_WARN_UNINITIALIZED_AUTOS = YES_AGGRESSIVE;
				GCC_WARN_UNUSED_FUNCTION = YES;
				GCC_WARN_UNUSED_VARIABLE = YES;
				IPHONEOS_DEPLOYMENT_TARGET = 13.2;
				MTL_ENABLE_DEBUG_INFO = NO;
				MTL_FAST_MATH = YES;
				SDKROOT = iphoneos;
				SWIFT_COMPILATION_MODE = wholemodule;
				SWIFT_OPTIMIZATION_LEVEL = "-O";
				VALIDATE_PRODUCT = YES;
			};
			name = Release;
		};
		1779E91923CBB6B900167170 /* Debug */ = {
			isa = XCBuildConfiguration;
			buildSettings = {
				ASSETCATALOG_COMPILER_APPICON_NAME = AppIcon;
				CODE_SIGN_STYLE = Automatic;
				DEVELOPMENT_TEAM = D7DS2U3H59;
				INFOPLIST_FILE = "ARKit Spring2020 Final/Info.plist";
				LD_RUNPATH_SEARCH_PATHS = (
					"$(inherited)",
					"@executable_path/Frameworks",
				);
				PRODUCT_BUNDLE_IDENTIFIER = "com.zetstudios.ARKit-Spring2020-Starter";
				PRODUCT_NAME = "$(TARGET_NAME)";
				SWIFT_VERSION = 5.0;
				TARGETED_DEVICE_FAMILY = "1,2";
			};
			name = Debug;
		};
		1779E91A23CBB6B900167170 /* Release */ = {
			isa = XCBuildConfiguration;
			buildSettings = {
				ASSETCATALOG_COMPILER_APPICON_NAME = AppIcon;
				CODE_SIGN_STYLE = Automatic;
				DEVELOPMENT_TEAM = D7DS2U3H59;
				INFOPLIST_FILE = "ARKit Spring2020 Final/Info.plist";
				LD_RUNPATH_SEARCH_PATHS = (
					"$(inherited)",
					"@executable_path/Frameworks",
				);
				PRODUCT_BUNDLE_IDENTIFIER = "com.zetstudios.ARKit-Spring2020-Starter";
				PRODUCT_NAME = "$(TARGET_NAME)";
				SWIFT_VERSION = 5.0;
				TARGETED_DEVICE_FAMILY = "1,2";
			};
			name = Release;
		};
/* End XCBuildConfiguration section */

/* Begin XCConfigurationList section */
		1779E8FF23CBB6B800167170 /* Build configuration list for PBXProject "ARKit Spring2020 Starter" */ = {
			isa = XCConfigurationList;
			buildConfigurations = (
				1779E91623CBB6B900167170 /* Debug */,
				1779E91723CBB6B900167170 /* Release */,
			);
			defaultConfigurationIsVisible = 0;
			defaultConfigurationName = Release;
		};
		1779E91823CBB6B900167170 /* Build configuration list for PBXNativeTarget "ARKit Spring2020 Starter" */ = {
			isa = XCConfigurationList;
			buildConfigurations = (
				1779E91923CBB6B900167170 /* Debug */,
				1779E91A23CBB6B900167170 /* Release */,
			);
			defaultConfigurationIsVisible = 0;
			defaultConfigurationName = Release;
		};
/* End XCConfigurationList section */
	};
	rootObject = 1779E8FC23CBB6B800167170 /* Project object */;
}
